
Microsoft Visual Studio Solution File, Format Version 12.00
# Visual Studio Version 17
VisualStudioVersion = 17.10.34916.146
MinimumVisualStudioVersion = 10.0.40219.1
Project("{FAE04EC0-301F-11D3-BF4B-00C04F79EFBC}") = "ModelsWebApp", "ModelsWebApp\ModelsWebApp.csproj", "{5A37E0EF-5D4F-4BE1-A8F7-D766BF67BA26}"
EndProject
Global
	GlobalSection(SolutionConfigurationPlatforms) = preSolution
		Debug|Any CPU = Debug|Any CPU
		Release|Any CPU = Release|Any CPU
	EndGlobalSection
	GlobalSection(ProjectConfigurationPlatforms) = postSolution
		{5A37E0EF-5D4F-4BE1-A8F7-D766BF67BA26}.Debug|Any CPU.ActiveCfg = Debug|Any CPU
		{5A37E0EF-5D4F-4BE1-A8F7-D766BF67BA26}.Debug|Any CPU.Build.0 = Debug|Any CPU
		{5A37E0EF-5D4F-4BE1-A8F7-D766BF67BA26}.Release|Any CPU.ActiveCfg = Release|Any CPU
		{5A37E0EF-5D4F-4BE1-A8F7-D766BF67BA26}.Release|Any CPU.Build.0 = Release|Any CPU
	EndGlobalSection
	GlobalSection(SolutionProperties) = preSolution
		HideSolutionNode = FALSE
	EndGlobalSection
	GlobalSection(ExtensibilityGlobals) = postSolution
		SolutionGuid = {C3A187EE-D86A-4035-9E75-175DBE1B09E2}
	EndGlobalSection
EndGlobal
